
Microsoft Visual Studio Solution File, Format Version 12.00
# Visual Studio Version 16
VisualStudioVersion = 16.0.29613.14
MinimumVisualStudioVersion = 10.0.40219.1
Project("{FAE04EC0-301F-11D3-BF4B-00C04F79EFBC}") = "Movie", "Movie\Movie.csproj", "{95FF564E-E4FF-43C8-9E59-4EB2AB3CFB36}"
EndProject
Project("{FAE04EC0-301F-11D3-BF4B-00C04F79EFBC}") = "DAL", "DAL\DAL.csproj", "{66339986-C2CE-4E6E-9850-D5E78DF0AB1A}"
EndProject
Project("{FAE04EC0-301F-11D3-BF4B-00C04F79EFBC}") = "Services", "Services\Services.csproj", "{84468808-1119-4AD1-B5E3-BB8A5D9CCF58}"
EndProject
Global
	GlobalSection(SolutionConfigurationPlatforms) = preSolution
		Debug|Any CPU = Debug|Any CPU
		Release|Any CPU = Release|Any CPU
	EndGlobalSection
	GlobalSection(ProjectConfigurationPlatforms) = postSolution
		{95FF564E-E4FF-43C8-9E59-4EB2AB3CFB36}.Debug|Any CPU.ActiveCfg = Debug|Any CPU
		{95FF564E-E4FF-43C8-9E59-4EB2AB3CFB36}.Debug|Any CPU.Build.0 = Debug|Any CPU
		{95FF564E-E4FF-43C8-9E59-4EB2AB3CFB36}.Release|Any CPU.ActiveCfg = Release|Any CPU
		{95FF564E-E4FF-43C8-9E59-4EB2AB3CFB36}.Release|Any CPU.Build.0 = Release|Any CPU
		{66339986-C2CE-4E6E-9850-D5E78DF0AB1A}.Debug|Any CPU.ActiveCfg = Debug|Any CPU
		{66339986-C2CE-4E6E-9850-D5E78DF0AB1A}.Debug|Any CPU.Build.0 = Debug|Any CPU
		{66339986-C2CE-4E6E-9850-D5E78DF0AB1A}.Release|Any CPU.ActiveCfg = Release|Any CPU
		{66339986-C2CE-4E6E-9850-D5E78DF0AB1A}.Release|Any CPU.Build.0 = Release|Any CPU
		{84468808-1119-4AD1-B5E3-BB8A5D9CCF58}.Debug|Any CPU.ActiveCfg = Debug|Any CPU
		{84468808-1119-4AD1-B5E3-BB8A5D9CCF58}.Debug|Any CPU.Build.0 = Debug|Any CPU
		{84468808-1119-4AD1-B5E3-BB8A5D9CCF58}.Release|Any CPU.ActiveCfg = Release|Any CPU
		{84468808-1119-4AD1-B5E3-BB8A5D9CCF58}.Release|Any CPU.Build.0 = Release|Any CPU
	EndGlobalSection
	GlobalSection(SolutionProperties) = preSolution
		HideSolutionNode = FALSE
	EndGlobalSection
	GlobalSection(ExtensibilityGlobals) = postSolution
		SolutionGuid = {34F3E9CC-DE90-45B3-AEF5-750655383CD1}
	EndGlobalSection
EndGlobal
